{
  "name": "node-pty-bug",
  "lockfileVersion": 3,
  "requires": true,
  "packages": {
    "": {
      "devDependencies": {
        "node-pty": "1.1.0-beta4"
      }
    },
    "node_modules/nan": {
      "version": "2.18.0",
      "resolved": "https://registry.npmjs.org/nan/-/nan-2.18.0.tgz",
      "integrity": "sha512-W7tfG7vMOGtD30sHoZSSc/JVYiyDPEyQVso/Zz+/uQd0B0L46gtC+pHha5FFMRpil6fm/AoEcRWyOVi4+E/f8w==",
      "dev": true
    },
    "node_modules/node-pty": {
      "version": "1.1.0-beta4",
      "resolved": "https://registry.npmjs.org/node-pty/-/node-pty-1.1.0-beta4.tgz",
      "integrity": "sha512-CgffN9AxVtH4g7vDxtanm2qaR7jw3oet9r+ArzziGiFvmds9SdR3gXkZF0fqZWSxhTHZusJWvsuKvRv+5O2K8A==",
      "dev": true,
      "hasInstallScript": true,
      "dependencies": {
        "nan": "^2.17.0"
      }
    }
  }
}
